// !$*UTF8*$!
{
	archiveVersion = 1;
	classes = {
	};
	objectVersion = 50;
	objects = {

/* Begin PBXBuildFile section */
		FE7D670120DB7FE80081492F /* AppDelegate.swift in Sources */ = {isa = PBXBuildFile; fileRef = FE7D670020DB7FE80081492F /* AppDelegate.swift */; };
		FE7D670320DB7FE80081492F /* ViewController.swift in Sources */ = {isa = PBXBuildFile; fileRef = FE7D670220DB7FE80081492F /* ViewController.swift */; };
		FE7D670620DB7FE80081492F /* Main.storyboard in Resources */ = {isa = PBXBuildFile; fileRef = FE7D670420DB7FE80081492F /* Main.storyboard */; };
		FE7D670820DB7FE90081492F /* Assets.xcassets in Resources */ = {isa = PBXBuildFile; fileRef = FE7D670720DB7FE90081492F /* Assets.xcassets */; };
		FE7D670B20DB7FE90081492F /* LaunchScreen.storyboard in Resources */ = {isa = PBXBuildFile; fileRef = FE7D670920DB7FE90081492F /* LaunchScreen.storyboard */; };
		FE7D671320DB82BE0081492F /* HeaderTableViewCell.swift in Sources */ = {isa = PBXBuildFile; fileRef = FE7D671220DB82BE0081492F /* HeaderTableViewCell.swift */; };
		FE7D671520DB82D40081492F /* RowDataTableViewCell.swift in Sources */ = {isa = PBXBuildFile; fileRef = FE7D671420DB82D40081492F /* RowDataTableViewCell.swift */; };
/* End PBXBuildFile section */

/* Begin PBXFileReference section */
		FE7D66FD20DB7FE80081492F /* FacebookSettingFinal.app */ = {isa = PBXFileReference; explicitFileType = wrapper.application; includeInIndex = 0; path = FacebookSettingFinal.app; sourceTree = BUILT_PRODUCTS_DIR; };
		FE7D670020DB7FE80081492F /* AppDelegate.swift */ = {isa = PBXFileReference; lastKnownFileType = sourcecode.swift; path = AppDelegate.swift; sourceTree = "<group>"; };
		FE7D670220DB7FE80081492F /* ViewController.swift */ = {isa = PBXFileReference; lastKnownFileType = sourcecode.swift; path = ViewController.swift; sourceTree = "<group>"; };
		FE7D670520DB7FE80081492F /* Base */ = {isa = PBXFileReference; lastKnownFileType = file.storyboard; name = Base; path = Base.lproj/Main.storyboard; sourceTree = "<group>"; };
		FE7D670720DB7FE90081492F /* Assets.xcassets */ = {isa = PBXFileReference; lastKnownFileType = folder.assetcatalog; path = Assets.xcassets; sourceTree = "<group>"; };
		FE7D670A20DB7FE90081492F /* Base */ = {isa = PBXFileReference; lastKnownFileType = file.storyboard; name = Base; path = Base.lproj/LaunchScreen.storyboard; sourceTree = "<group>"; };
		FE7D670C20DB7FE90081492F /* Info.plist */ = {isa = PBXFileReference; lastKnownFileType = text.plist.xml; path = Info.plist; sourceTree = "<group>"; };
		FE7D671220DB82BE0081492F /* HeaderTableViewCell.swift */ = {isa = PBXFileReference; lastKnownFileType = sourcecode.swift; path = HeaderTableViewCell.swift; sourceTree = "<group>"; };
		FE7D671420DB82D40081492F /* RowDataTableViewCell.swift */ = {isa = PBXFileReference; lastKnownFileType = sourcecode.swift; path = RowDataTableViewCell.swift; sourceTree = "<group>"; };
/* End PBXFileReference section */

/* Begin PBXFrameworksBuildPhase section */
		FE7D66FA20DB7FE80081492F /* Frameworks */ = {
			isa = PBXFrameworksBuildPhase;
			buildActionMask = 2147483647;
			files = (
			);
			runOnlyForDeploymentPostprocessing = 0;
		};
/* End PBXFrameworksBuildPhase section */

/* Begin PBXGroup section */
		FE7D66F420DB7FE80081492F = {
			isa = PBXGroup;
			children = (
				FE7D66FF20DB7FE80081492F /* FacebookSettingFinal */,
				FE7D66FE20DB7FE80081492F /* Products */,
			);
			sourceTree = "<group>";
		};
		FE7D66FE20DB7FE80081492F /* Products */ = {
			isa = PBXGroup;
			children = (
				FE7D66FD20DB7FE80081492F /* FacebookSettingFinal.app */,
			);
			name = Products;
			sourceTree = "<group>";
		};
		FE7D66FF20DB7FE80081492F /* FacebookSettingFinal */ = {
			isa = PBXGroup;
			children = (
				FE7D670020DB7FE80081492F /* AppDelegate.swift */,
				FE7D670220DB7FE80081492F /* ViewController.swift */,
				FE7D670420DB7FE80081492F /* Main.storyboard */,
				FE7D670720DB7FE90081492F /* Assets.xcassets */,
				FE7D670920DB7FE90081492F /* LaunchScreen.storyboard */,
				FE7D670C20DB7FE90081492F /* Info.plist */,
				FE7D671220DB82BE0081492F /* HeaderTableViewCell.swift */,
				FE7D671420DB82D40081492F /* RowDataTableViewCell.swift */,
			);
			path = FacebookSettingFinal;
			sourceTree = "<group>";
		};
/* End PBXGroup section */

/* Begin PBXNativeTarget section */
		FE7D66FC20DB7FE80081492F /* FacebookSettingFinal */ = {
			isa = PBXNativeTarget;
			buildConfigurationList = FE7D670F20DB7FE90081492F /* Build configuration list for PBXNativeTarget "FacebookSettingFinal" */;
			buildPhases = (
				FE7D66F920DB7FE80081492F /* Sources */,
				FE7D66FA20DB7FE80081492F /* Frameworks */,
				FE7D66FB20DB7FE80081492F /* Resources */,
			);
			buildRules = (
			);
			dependencies = (
			);
			name = FacebookSettingFinal;
			productName = FacebookSettingFinal;
			productReference = FE7D66FD20DB7FE80081492F /* FacebookSettingFinal.app */;
			productType = "com.apple.product-type.application";
		};
/* End PBXNativeTarget section */

/* Begin PBXProject section */
		FE7D66F520DB7FE80081492F /* Project object */ = {
			isa = PBXProject;
			attributes = {
				LastSwiftUpdateCheck = 0930;
				LastUpgradeCheck = 0930;
				ORGANIZATIONNAME = Tandem;
				TargetAttributes = {
					FE7D66FC20DB7FE80081492F = {
						CreatedOnToolsVersion = 9.3;
					};
				};
			};
			buildConfigurationList = FE7D66F820DB7FE80081492F /* Build configuration list for PBXProject "FacebookSettingFinal" */;
			compatibilityVersion = "Xcode 9.3";
			developmentRegion = en;
			hasScannedForEncodings = 0;
			knownRegions = (
				en,
				Base,
			);
			mainGroup = FE7D66F420DB7FE80081492F;
			productRefGroup = FE7D66FE20DB7FE80081492F /* Products */;
			projectDirPath = "";
			projectRoot = "";
			targets = (
				FE7D66FC20DB7FE80081492F /* FacebookSettingFinal */,
			);
		};
/* End PBXProject section */

/* Begin PBXResourcesBuildPhase section */
		FE7D66FB20DB7FE80081492F /* Resources */ = {
			isa = PBXResourcesBuildPhase;
			buildActionMask = 2147483647;
			files = (
				FE7D670B20DB7FE90081492F /* LaunchScreen.storyboard in Resources */,
				FE7D670820DB7FE90081492F /* Assets.xcassets in Resources */,
				FE7D670620DB7FE80081492F /* Main.storyboard in Resources */,
			);
			runOnlyForDeploymentPostprocessing = 0;
		};
/* End PBXResourcesBuildPhase section */

/* Begin PBXSourcesBuildPhase section */
		FE7D66F920DB7FE80081492F /* Sources */ = {
			isa = PBXSourcesBuildPhase;
			buildActionMask = 2147483647;
			files = (
				FE7D671320DB82BE0081492F /* HeaderTableViewCell.swift in Sources */,
				FE7D670320DB7FE80081492F /* ViewController.swift in Sources */,
				FE7D670120DB7FE80081492F /* AppDelegate.swift in Sources */,
				FE7D671520DB82D40081492F /* RowDataTableViewCell.swift in Sources */,
			);
			runOnlyForDeploymentPostprocessing = 0;
		};
/* End PBXSourcesBuildPhase section */

/* Begin PBXVariantGroup section */
		FE7D670420DB7FE80081492F /* Main.storyboard */ = {
			isa = PBXVariantGroup;
			children = (
				FE7D670520DB7FE80081492F /* Base */,
			);
			name = Main.storyboard;
			sourceTree = "<group>";
		};
		FE7D670920DB7FE90081492F /* LaunchScreen.storyboard */ = {
			isa = PBXVariantGroup;
			children = (
				FE7D670A20DB7FE90081492F /* Base */,
			);
			name = LaunchScreen.storyboard;
			sourceTree = "<group>";
		};
/* End PBXVariantGroup section */

/* Begin XCBuildConfiguration section */
		FE7D670D20DB7FE90081492F /* Debug */ = {
			isa = XCBuildConfiguration;
			buildSettings = {
				ALWAYS_SEARCH_USER_PATHS = NO;
				CLANG_ANALYZER_NONNULL = YES;
				CLANG_ANALYZER_NUMBER_OBJECT_CONVERSION = YES_AGGRESSIVE;
				CLANG_CXX_LANGUAGE_STANDARD = "gnu++14";
				CLANG_CXX_LIBRARY = "libc++";
				CLANG_ENABLE_MODULES = YES;
				CLANG_ENABLE_OBJC_ARC = YES;
				CLANG_ENABLE_OBJC_WEAK = YES;
				CLANG_WARN_BLOCK_CAPTURE_AUTORELEASING = YES;
				CLANG_WARN_BOOL_CONVERSION = YES;
				CLANG_WARN_COMMA = YES;
				CLANG_WARN_CONSTANT_CONVERSION = YES;
				CLANG_WARN_DEPRECATED_OBJC_IMPLEMENTATIONS = YES;
				CLANG_WARN_DIRECT_OBJC_ISA_USAGE = YES_ERROR;
				CLANG_WARN_DOCUMENTATION_COMMENTS = YES;
				CLANG_WARN_EMPTY_BODY = YES;
				CLANG_WARN_ENUM_CONVERSION = YES;
				CLANG_WARN_INFINITE_RECURSION = YES;
				CLANG_WARN_INT_CONVERSION = YES;
				CLANG_WARN_NON_LITERAL_NULL_CONVERSION = YES;
				CLANG_WARN_OBJC_IMPLICIT_RETAIN_SELF = YES;
				CLANG_WARN_OBJC_LITERAL_CONVERSION = YES;
				CLANG_WARN_OBJC_ROOT_CLASS = YES_ERROR;
				CLANG_WARN_RANGE_LOOP_ANALYSIS = YES;
				CLANG_WARN_STRICT_PROTOTYPES = YES;
				CLANG_WARN_SUSPICIOUS_MOVE = YES;
				CLANG_WARN_UNGUARDED_AVAILABILITY = YES_AGGRESSIVE;
				CLANG_WARN_UNREACHABLE_CODE = YES;
				CLANG_WARN__DUPLICATE_METHOD_MATCH = YES;
				CODE_SIGN_IDENTITY = "iPhone Developer";
				COPY_PHASE_STRIP = NO;
				DEBUG_INFORMATION_FORMAT = dwarf;
				ENABLE_STRICT_OBJC_MSGSEND = YES;
				ENABLE_TESTABILITY = YES;
				GCC_C_LANGUAGE_STANDARD = gnu11;
				GCC_DYNAMIC_NO_PIC = NO;
				GCC_NO_COMMON_BLOCKS = YES;
				GCC_OPTIMIZATION_LEVEL = 0;
				GCC_PREPROCESSOR_DEFINITIONS = (
					"DEBUG=1",
					"$(inherited)",
				);
				GCC_WARN_64_TO_32_BIT_CONVERSION = YES;
				GCC_WARN_ABOUT_RETURN_TYPE = YES_ERROR;
				GCC_WARN_UNDECLARED_SELECTOR = YES;
				GCC_WARN_UNINITIALIZED_AUTOS = YES_AGGRESSIVE;
				GCC_WARN_UNUSED_FUNCTION = YES;
				GCC_WARN_UNUSED_VARIABLE = YES;
				IPHONEOS_DEPLOYMENT_TARGET = 11.3;
				MTL_ENABLE_DEBUG_INFO = YES;
				ONLY_ACTIVE_ARCH = YES;
				SDKROOT = iphoneos;
				SWIFT_ACTIVE_COMPILATION_CONDITIONS = DEBUG;
				SWIFT_OPTIMIZATION_LEVEL = "-Onone";
			};
			name = Debug;
		};
		FE7D670E20DB7FE90081492F /* Release */ = {
			isa = XCBuildConfiguration;
			buildSettings = {
				ALWAYS_SEARCH_USER_PATHS = NO;
				CLANG_ANALYZER_NONNULL = YES;
				CLANG_ANALYZER_NUMBER_OBJECT_CONVERSION = YES_AGGRESSIVE;
				CLANG_CXX_LANGUAGE_STANDARD = "gnu++14";
				CLANG_CXX_LIBRARY = "libc++";
				CLANG_ENABLE_MODULES = YES;
				CLANG_ENABLE_OBJC_ARC = YES;
				CLANG_ENABLE_OBJC_WEAK = YES;
				CLANG_WARN_BLOCK_CAPTURE_AUTORELEASING = YES;
				CLANG_WARN_BOOL_CONVERSION = YES;
				CLANG_WARN_COMMA = YES;
				CLANG_WARN_CONSTANT_CONVERSION = YES;
				CLANG_WARN_DEPRECATED_OBJC_IMPLEMENTATIONS = YES;
				CLANG_WARN_DIRECT_OBJC_ISA_USAGE = YES_ERROR;
				CLANG_WARN_DOCUMENTATION_COMMENTS = YES;
				CLANG_WARN_EMPTY_BODY = YES;
				CLANG_WARN_ENUM_CONVERSION = YES;
				CLANG_WARN_INFINITE_RECURSION = YES;
				CLANG_WARN_INT_CONVERSION = YES;
				CLANG_WARN_NON_LITERAL_NULL_CONVERSION = YES;
				CLANG_WARN_OBJC_IMPLICIT_RETAIN_SELF = YES;
				CLANG_WARN_OBJC_LITERAL_CONVERSION = YES;
				CLANG_WARN_OBJC_ROOT_CLASS = YES_ERROR;
				CLANG_WARN_RANGE_LOOP_ANALYSIS = YES;
				CLANG_WARN_STRICT_PROTOTYPES = YES;
				CLANG_WARN_SUSPICIOUS_MOVE = YES;
				CLANG_WARN_UNGUARDED_AVAILABILITY = YES_AGGRESSIVE;
				CLANG_WARN_UNREACHABLE_CODE = YES;
				CLANG_WARN__DUPLICATE_METHOD_MATCH = YES;
				CODE_SIGN_IDENTITY = "iPhone Developer";
				COPY_PHASE_STRIP = NO;
				DEBUG_INFORMATION_FORMAT = "dwarf-with-dsym";
				ENABLE_NS_ASSERTIONS = NO;
				ENABLE_STRICT_OBJC_MSGSEND = YES;
				GCC_C_LANGUAGE_STANDARD = gnu11;
				GCC_NO_COMMON_BLOCKS = YES;
				GCC_WARN_64_TO_32_BIT_CONVERSION = YES;
				GCC_WARN_ABOUT_RETURN_TYPE = YES_ERROR;
				GCC_WARN_UNDECLARED_SELECTOR = YES;
				GCC_WARN_UNINITIALIZED_AUTOS = YES_AGGRESSIVE;
				GCC_WARN_UNUSED_FUNCTION = YES;
				GCC_WARN_UNUSED_VARIABLE = YES;
				IPHONEOS_DEPLOYMENT_TARGET = 11.3;
				MTL_ENABLE_DEBUG_INFO = NO;
				SDKROOT = iphoneos;
				SWIFT_COMPILATION_MODE = wholemodule;
				SWIFT_OPTIMIZATION_LEVEL = "-O";
				VALIDATE_PRODUCT = YES;
			};
			name = Release;
		};
		FE7D671020DB7FE90081492F /* Debug */ = {
			isa = XCBuildConfiguration;
			buildSettings = {
				ASSETCATALOG_COMPILER_APPICON_NAME = AppIcon;
				CODE_SIGN_STYLE = Automatic;
				DEVELOPMENT_TEAM = F4U9S4926J;
				INFOPLIST_FILE = FacebookSettingFinal/Info.plist;
				LD_RUNPATH_SEARCH_PATHS = (
					"$(inherited)",
					"@executable_path/Frameworks",
				);
				PRODUCT_BUNDLE_IDENTIFIER = com.tandemasia.FacebookSettingFinal;
				PRODUCT_NAME = "$(TARGET_NAME)";
				SWIFT_VERSION = 4.0;
				TARGETED_DEVICE_FAMILY = "1,2";
			};
			name = Debug;
		};
		FE7D671120DB7FE90081492F /* Release */ = {
			isa = XCBuildConfiguration;
			buildSettings = {
				ASSETCATALOG_COMPILER_APPICON_NAME = AppIcon;
				CODE_SIGN_STYLE = Automatic;
				DEVELOPMENT_TEAM = F4U9S4926J;
				INFOPLIST_FILE = FacebookSettingFinal/Info.plist;
				LD_RUNPATH_SEARCH_PATHS = (
					"$(inherited)",
					"@executable_path/Frameworks",
				);
				PRODUCT_BUNDLE_IDENTIFIER = com.tandemasia.FacebookSettingFinal;
				PRODUCT_NAME = "$(TARGET_NAME)";
				SWIFT_VERSION = 4.0;
				TARGETED_DEVICE_FAMILY = "1,2";
			};
			name = Release;
		};
/* End XCBuildConfiguration section */

/* Begin XCConfigurationList section */
		FE7D66F820DB7FE80081492F /* Build configuration list for PBXProject "FacebookSettingFinal" */ = {
			isa = XCConfigurationList;
			buildConfigurations = (
				FE7D670D20DB7FE90081492F /* Debug */,
				FE7D670E20DB7FE90081492F /* Release */,
			);
			defaultConfigurationIsVisible = 0;
			defaultConfigurationName = Release;
		};
		FE7D670F20DB7FE90081492F /* Build configuration list for PBXNativeTarget "FacebookSettingFinal" */ = {
			isa = XCConfigurationList;
			buildConfigurations = (
				FE7D671020DB7FE90081492F /* Debug */,
				FE7D671120DB7FE90081492F /* Release */,
			);
			defaultConfigurationIsVisible = 0;
			defaultConfigurationName = Release;
		};
/* End XCConfigurationList section */
	};
	rootObject = FE7D66F520DB7FE80081492F /* Project object */;
}
